// !$*UTF8*$!
{
	archiveVersion = 1;
	classes = {
	};
	objectVersion = 50;
	objects = {

/* Begin PBXBuildFile section */
		DFBE943523A22B9D007EB578 /* main.cpp in Sources */ = {isa = PBXBuildFile; fileRef = DFBE943423A22B9D007EB578 /* main.cpp */; };
/* End PBXBuildFile section */

/* Begin PBXCopyFilesBuildPhase section */
		DFBE941F23A0F059007EB578 /* CopyFiles */ = {
			isa = PBXCopyFilesBuildPhase;
			buildActionMask = 2147483647;
			dstPath = /usr/share/man/man1/;
			dstSubfolderSpec = 0;
			files = (
			);
			runOnlyForDeploymentPostprocessing = 1;
		};
/* End PBXCopyFilesBuildPhase section */

/* Begin PBXFileReference section */
		DF164A5F23BA32FA005A39D3 /* SecretMap .h */ = {isa = PBXFileReference; lastKnownFileType = sourcecode.c.h; path = "SecretMap .h"; sourceTree = "<group>"; };
		DF164A6023BA333F005A39D3 /* FailureRate.h */ = {isa = PBXFileReference; lastKnownFileType = sourcecode.c.h; path = FailureRate.h; sourceTree = "<group>"; };
		DF164A6123BA337D005A39D3 /* DartsGames .h */ = {isa = PBXFileReference; lastKnownFileType = sourcecode.c.h; path = "DartsGames .h"; sourceTree = "<group>"; };
		DF21D4CA23AE0BB8006A2ED4 /* FunctionalDevelopment  .h */ = {isa = PBXFileReference; lastKnownFileType = sourcecode.c.h; path = "FunctionalDevelopment  .h"; sourceTree = "<group>"; };
		DF21D4CB23AE0DA0006A2ED4 /* StockPrice  .h */ = {isa = PBXFileReference; lastKnownFileType = sourcecode.c.h; path = "StockPrice  .h"; sourceTree = "<group>"; };
		DF2884FC23B898ED00B97983 /* Joystick.h */ = {isa = PBXFileReference; lastKnownFileType = sourcecode.c.h; path = Joystick.h; sourceTree = "<group>"; };
		DF2884FD23B899BC00B97983 /* PhoneNumberList .h */ = {isa = PBXFileReference; lastKnownFileType = sourcecode.c.h; path = "PhoneNumberList .h"; sourceTree = "<group>"; };
		DF2A288223A74021002F1E76 /* Network.h */ = {isa = PBXFileReference; lastKnownFileType = sourcecode.c.h; path = Network.h; sourceTree = "<group>"; };
		DF2A288323A74F44002F1E76 /* WordChange.h */ = {isa = PBXFileReference; lastKnownFileType = sourcecode.c.h; path = WordChange.h; sourceTree = "<group>"; };
		DF2A288423A7552F002F1E76 /* FurthestNode  .h */ = {isa = PBXFileReference; lastKnownFileType = sourcecode.c.h; path = "FurthestNode  .h"; sourceTree = "<group>"; };
		DF2A288523A76C20002F1E76 /* TileDecorations.h */ = {isa = PBXFileReference; lastKnownFileType = sourcecode.c.h; path = TileDecorations.h; sourceTree = "<group>"; };
		DF2A288723A8A82D002F1E76 /* DualPriorityQueue .h */ = {isa = PBXFileReference; lastKnownFileType = sourcecode.c.h; path = "DualPriorityQueue .h"; sourceTree = "<group>"; };
		DF2A288823A8B02C002F1E76 /*  DiskController.h */ = {isa = PBXFileReference; lastKnownFileType = sourcecode.c.h; path = " DiskController.h"; sourceTree = "<group>"; };
		DF2AA43923B60AAD00671127 /* LockAndKey.h */ = {isa = PBXFileReference; lastKnownFileType = sourcecode.c.h; path = LockAndKey.h; sourceTree = "<group>"; };
		DF2AA43A23B73B5D00671127 /* MoveBlock .h */ = {isa = PBXFileReference; lastKnownFileType = sourcecode.c.h; path = "MoveBlock .h"; sourceTree = "<group>"; };
		DF2B2C4323A49E2F00BE074B /* OpenChatRoom.h */ = {isa = PBXFileReference; lastKnownFileType = sourcecode.c.h; path = OpenChatRoom.h; sourceTree = "<group>"; };
		DF2B2C4423A628F300BE074B /* JustTheSong .h */ = {isa = PBXFileReference; lastKnownFileType = sourcecode.c.h; path = "JustTheSong .h"; sourceTree = "<group>"; };
		DF2B2C4523A6376100BE074B /* FileNameSort.h */ = {isa = PBXFileReference; lastKnownFileType = sourcecode.c.h; path = FileNameSort.h; sourceTree = "<group>"; };
		DF2B2C4623A6577F00BE074B /* 2xNTiling.h */ = {isa = PBXFileReference; lastKnownFileType = sourcecode.c.h; path = 2xNTiling.h; sourceTree = "<group>"; };
		DF425D1F23AA03B40082D2A9 /* Scale.h */ = {isa = PBXFileReference; lastKnownFileType = sourcecode.c.h; path = Scale.h; sourceTree = "<group>"; };
		DF425D2023AA18430082D2A9 /* ConnectIsland .h */ = {isa = PBXFileReference; lastKnownFileType = sourcecode.c.h; path = "ConnectIsland .h"; sourceTree = "<group>"; };
		DF425D2123AA24870082D2A9 /* TravelPath.h */ = {isa = PBXFileReference; lastKnownFileType = sourcecode.c.h; path = TravelPath.h; sourceTree = "<group>"; };
		DF6904B923AB658400B47196 /* LongJump .h */ = {isa = PBXFileReference; lastKnownFileType = sourcecode.c.h; path = "LongJump .h"; sourceTree = "<group>"; };
		DF6904BA23AB815700B47196 /* OvertimeIndex  .h */ = {isa = PBXFileReference; lastKnownFileType = sourcecode.c.h; path = "OvertimeIndex  .h"; sourceTree = "<group>"; };
		DF6904BB23AB887200B47196 /* BestSet.h */ = {isa = PBXFileReference; lastKnownFileType = sourcecode.c.h; path = BestSet.h; sourceTree = "<group>"; };
		DF69C0C123B39D6300F983F9 /* ConvertBracket.h */ = {isa = PBXFileReference; lastKnownFileType = sourcecode.c.h; path = ConvertBracket.h; sourceTree = "<group>"; };
		DF6CAFB023B1FE41007E4070 /* origami.h */ = {isa = PBXFileReference; lastKnownFileType = sourcecode.c.h; path = origami.h; sourceTree = "<group>"; };
		DF6CAFB123B2182A007E4070 /* BaseStationInstallation .h */ = {isa = PBXFileReference; lastKnownFileType = sourcecode.c.h; path = "BaseStationInstallation .h"; sourceTree = "<group>"; };
		DF6CAFB223B21C94007E4070 /* NumberGame.h */ = {isa = PBXFileReference; lastKnownFileType = sourcecode.c.h; path = NumberGame.h; sourceTree = "<group>"; };
		DF6CAFB323B22E19007E4070 /* Delivery.h */ = {isa = PBXFileReference; lastKnownFileType = sourcecode.c.h; path = Delivery.h; sourceTree = "<group>"; };
		DF6CAFB423B23EDB007E4070 /* VisitLength  .h */ = {isa = PBXFileReference; lastKnownFileType = sourcecode.c.h; path = "VisitLength  .h"; sourceTree = "<group>"; };
		DF7595C023AF6680006B71BC /* Printer.h */ = {isa = PBXFileReference; lastKnownFileType = sourcecode.c.h; path = Printer.h; sourceTree = "<group>"; };
		DF7595C123AF72AD006B71BC /* Top.h */ = {isa = PBXFileReference; lastKnownFileType = sourcecode.c.h; path = Top.h; sourceTree = "<group>"; };
		DF7595C223B07413006B71BC /* BestAlbum.h */ = {isa = PBXFileReference; lastKnownFileType = sourcecode.c.h; path = BestAlbum.h; sourceTree = "<group>"; };
		DF7595C323B08D13006B71BC /* Budget.h */ = {isa = PBXFileReference; lastKnownFileType = sourcecode.c.h; path = Budget.h; sourceTree = "<group>"; };
		DF9AC0CC23A3504700C7D55F /* RemoveMating .h */ = {isa = PBXFileReference; lastKnownFileType = sourcecode.c.h; path = "RemoveMating .h"; sourceTree = "<group>"; };
		DF9AC0CD23A3521800C7D55F /* FibonacciNumber.h */ = {isa = PBXFileReference; lastKnownFileType = sourcecode.c.h; path = FibonacciNumber.h; sourceTree = "<group>"; };
		DF9AC0CE23A3623200C7D55F /* MatrixMultiplication .h */ = {isa = PBXFileReference; lastKnownFileType = sourcecode.c.h; path = "MatrixMultiplication .h"; sourceTree = "<group>"; };
		DF9AC0CF23A3675300C7D55F /* JadenCaseStringMake.h */ = {isa = PBXFileReference; lastKnownFileType = sourcecode.c.h; path = JadenCaseStringMake.h; sourceTree = "<group>"; };
		DF9AC0D023A3A17F00C7D55F /* H-Index.h */ = {isa = PBXFileReference; lastKnownFileType = sourcecode.c.h; path = "H-Index.h"; sourceTree = "<group>"; };
		DF9AC0D123A3A64300C7D55F /* Camouflage.h */ = {isa = PBXFileReference; lastKnownFileType = sourcecode.c.h; path = Camouflage.h; sourceTree = "<group>"; };
		DF9AC0D223A3C0A300C7D55F /* Friends4Blocks.h */ = {isa = PBXFileReference; lastKnownFileType = sourcecode.c.h; path = Friends4Blocks.h; sourceTree = "<group>"; };
		DF9AC0D323A3CDA000C7D55F /* Cache.h */ = {isa = PBXFileReference; lastKnownFileType = sourcecode.c.h; path = Cache.h; sourceTree = "<group>"; };
		DFBE942123A0F059007EB578 /* Algorithm */ = {isa = PBXFileReference; explicitFileType = "compiled.mach-o.executable"; includeInIndex = 0; path = Algorithm; sourceTree = BUILT_PRODUCTS_DIR; };
		DFBE943423A22B9D007EB578 /* main.cpp */ = {isa = PBXFileReference; lastKnownFileType = sourcecode.cpp.cpp; path = main.cpp; sourceTree = "<group>"; };
		DFBE944023A257FA007EB578 /* GroundEating.h */ = {isa = PBXFileReference; lastKnownFileType = sourcecode.c.h; path = GroundEating.h; sourceTree = "<group>"; };
		DFBE944123A25828007EB578 /* Phonketmon.h */ = {isa = PBXFileReference; lastKnownFileType = sourcecode.c.h; path = Phonketmon.h; sourceTree = "<group>"; };
		DFBE944223A25840007EB578 /* NextBigNumber.h */ = {isa = PBXFileReference; lastKnownFileType = sourcecode.c.h; path = NextBigNumber.h; sourceTree = "<group>"; };
		DFBE944323A25867007EB578 /* N_NumberLCM.h */ = {isa = PBXFileReference; lastKnownFileType = sourcecode.c.h; path = N_NumberLCM.h; sourceTree = "<group>"; };
		DFBE944423A259ED007EB578 /* MinimumMake.h */ = {isa = PBXFileReference; lastKnownFileType = sourcecode.c.h; path = MinimumMake.h; sourceTree = "<group>"; };
		DFBE944523A25E4F007EB578 /* NumberExpression.h */ = {isa = PBXFileReference; lastKnownFileType = sourcecode.c.h; path = NumberExpression.h; sourceTree = "<group>"; };
		DFBE944623A263A0007EB578 /* MaximumMinimum.h */ = {isa = PBXFileReference; lastKnownFileType = sourcecode.c.h; path = MaximumMinimum.h; sourceTree = "<group>"; };
		DFBFF80A23AC91A30080324E /* HowToLineUp.h */ = {isa = PBXFileReference; lastKnownFileType = sourcecode.c.h; path = HowToLineUp.h; sourceTree = "<group>"; };
		DFBFF80B23ACABFC0080324E /* N-Queen.h */ = {isa = PBXFileReference; lastKnownFileType = sourcecode.c.h; path = "N-Queen.h"; sourceTree = "<group>"; };
		DFBFF80C23ACC0CB0080324E /* IntegerTriangle.h */ = {isa = PBXFileReference; lastKnownFileType = sourcecode.c.h; path = IntegerTriangle.h; sourceTree = "<group>"; };
		DFBFF80D23ACE6A70080324E /*  WayToSchool.h */ = {isa = PBXFileReference; lastKnownFileType = sourcecode.c.h; path = " WayToSchool.h"; sourceTree = "<group>"; };
		DFBFF80E23AD0A660080324E /* BestLongPalindrome.h */ = {isa = PBXFileReference; lastKnownFileType = sourcecode.c.h; path = BestLongPalindrome.h; sourceTree = "<group>"; };
/* End PBXFileReference section */

/* Begin PBXFrameworksBuildPhase section */
		DFBE941E23A0F059007EB578 /* Frameworks */ = {
			isa = PBXFrameworksBuildPhase;
			buildActionMask = 2147483647;
			files = (
			);
			runOnlyForDeploymentPostprocessing = 0;
		};
/* End PBXFrameworksBuildPhase section */

/* Begin PBXGroup section */
		DF2A288623A76C3B002F1E76 /* Level_3 */ = {
			isa = PBXGroup;
			children = (
				DF2A288523A76C20002F1E76 /* TileDecorations.h */,
				DF2B2C4623A6577F00BE074B /* 2xNTiling.h */,
				DF2A288323A74F44002F1E76 /* WordChange.h */,
				DF2A288423A7552F002F1E76 /* FurthestNode  .h */,
				DF2A288223A74021002F1E76 /* Network.h */,
				DF2A288723A8A82D002F1E76 /* DualPriorityQueue .h */,
				DF2A288823A8B02C002F1E76 /*  DiskController.h */,
				DF425D1F23AA03B40082D2A9 /* Scale.h */,
				DF425D2023AA18430082D2A9 /* ConnectIsland .h */,
				DF425D2123AA24870082D2A9 /* TravelPath.h */,
				DF6904B923AB658400B47196 /* LongJump .h */,
				DF6904BA23AB815700B47196 /* OvertimeIndex  .h */,
				DF6904BB23AB887200B47196 /* BestSet.h */,
				DFBFF80A23AC91A30080324E /* HowToLineUp.h */,
				DFBFF80B23ACABFC0080324E /* N-Queen.h */,
				DFBFF80C23ACC0CB0080324E /* IntegerTriangle.h */,
				DFBFF80D23ACE6A70080324E /*  WayToSchool.h */,
				DFBFF80E23AD0A660080324E /* BestLongPalindrome.h */,
				DF7595C223B07413006B71BC /* BestAlbum.h */,
				DF7595C323B08D13006B71BC /* Budget.h */,
				DF6CAFB023B1FE41007E4070 /* origami.h */,
				DF6CAFB123B2182A007E4070 /* BaseStationInstallation .h */,
				DF6CAFB223B21C94007E4070 /* NumberGame.h */,
				DF6CAFB323B22E19007E4070 /* Delivery.h */,
				DF6CAFB423B23EDB007E4070 /* VisitLength  .h */,
				DF2AA43923B60AAD00671127 /* LockAndKey.h */,
				DF2AA43A23B73B5D00671127 /* MoveBlock .h */,
			);
			path = Level_3;
			sourceTree = "<group>";
		};
		DFBE941823A0F059007EB578 = {
			isa = PBXGroup;
			children = (
				DFBE942323A0F059007EB578 /* Algorithm */,
				DFBE942223A0F059007EB578 /* Products */,
			);
			sourceTree = "<group>";
		};
		DFBE942223A0F059007EB578 /* Products */ = {
			isa = PBXGroup;
			children = (
				DFBE942123A0F059007EB578 /* Algorithm */,
			);
			name = Products;
			sourceTree = "<group>";
		};
		DFBE942323A0F059007EB578 /* Algorithm */ = {
			isa = PBXGroup;
			children = (
				DFBE942E23A22948007EB578 /* Programmers */,
				DFBE943423A22B9D007EB578 /* main.cpp */,
			);
			path = Algorithm;
			sourceTree = "<group>";
		};
		DFBE942E23A22948007EB578 /* Programmers */ = {
			isa = PBXGroup;
			children = (
				DF2A288623A76C3B002F1E76 /* Level_3 */,
				DFBE943023A2296D007EB578 /* Level_2 */,
				DFBE942F23A22964007EB578 /* Level_1 */,
			);
			path = Programmers;
			sourceTree = "<group>";
		};
		DFBE942F23A22964007EB578 /* Level_1 */ = {
			isa = PBXGroup;
			children = (
				DF164A5F23BA32FA005A39D3 /* SecretMap .h */,
				DF164A6023BA333F005A39D3 /* FailureRate.h */,
				DF164A6123BA337D005A39D3 /* DartsGames .h */,
			);
			path = Level_1;
			sourceTree = "<group>";
		};
		DFBE943023A2296D007EB578 /* Level_2 */ = {
			isa = PBXGroup;
			children = (
				DFBE944023A257FA007EB578 /* GroundEating.h */,
				DFBE944123A25828007EB578 /* Phonketmon.h */,
				DFBE944223A25840007EB578 /* NextBigNumber.h */,
				DFBE944323A25867007EB578 /* N_NumberLCM.h */,
				DFBE944423A259ED007EB578 /* MinimumMake.h */,
				DFBE944523A25E4F007EB578 /* NumberExpression.h */,
				DFBE944623A263A0007EB578 /* MaximumMinimum.h */,
				DF9AC0CC23A3504700C7D55F /* RemoveMating .h */,
				DF9AC0CD23A3521800C7D55F /* FibonacciNumber.h */,
				DF9AC0CE23A3623200C7D55F /* MatrixMultiplication .h */,
				DF9AC0CF23A3675300C7D55F /* JadenCaseStringMake.h */,
				DF9AC0D023A3A17F00C7D55F /* H-Index.h */,
				DF9AC0D123A3A64300C7D55F /* Camouflage.h */,
				DF9AC0D223A3C0A300C7D55F /* Friends4Blocks.h */,
				DF9AC0D323A3CDA000C7D55F /* Cache.h */,
				DF2B2C4323A49E2F00BE074B /* OpenChatRoom.h */,
				DF2B2C4423A628F300BE074B /* JustTheSong .h */,
				DF2B2C4523A6376100BE074B /* FileNameSort.h */,
				DF21D4CA23AE0BB8006A2ED4 /* FunctionalDevelopment  .h */,
				DF21D4CB23AE0DA0006A2ED4 /* StockPrice  .h */,
				DF7595C023AF6680006B71BC /* Printer.h */,
				DF7595C123AF72AD006B71BC /* Top.h */,
				DF69C0C123B39D6300F983F9 /* ConvertBracket.h */,
				DF2884FC23B898ED00B97983 /* Joystick.h */,
				DF2884FD23B899BC00B97983 /* PhoneNumberList .h */,
			);
			path = Level_2;
			sourceTree = "<group>";
		};
/* End PBXGroup section */

/* Begin PBXNativeTarget section */
		DFBE942023A0F059007EB578 /* Algorithm */ = {
			isa = PBXNativeTarget;
			buildConfigurationList = DFBE942823A0F059007EB578 /* Build configuration list for PBXNativeTarget "Algorithm" */;
			buildPhases = (
				DFBE941D23A0F059007EB578 /* Sources */,
				DFBE941E23A0F059007EB578 /* Frameworks */,
				DFBE941F23A0F059007EB578 /* CopyFiles */,
			);
			buildRules = (
			);
			dependencies = (
			);
			name = Algorithm;
			productName = Algorithm;
			productReference = DFBE942123A0F059007EB578 /* Algorithm */;
			productType = "com.apple.product-type.tool";
		};
/* End PBXNativeTarget section */

/* Begin PBXProject section */
		DFBE941923A0F059007EB578 /* Project object */ = {
			isa = PBXProject;
			attributes = {
				LastUpgradeCheck = 1100;
				ORGANIZATIONNAME = "Minsu Jeong";
				TargetAttributes = {
					DFBE942023A0F059007EB578 = {
						CreatedOnToolsVersion = 11.0;
					};
				};
			};
			buildConfigurationList = DFBE941C23A0F059007EB578 /* Build configuration list for PBXProject "Algorithm" */;
			compatibilityVersion = "Xcode 9.3";
			developmentRegion = en;
			hasScannedForEncodings = 0;
			knownRegions = (
				en,
				Base,
			);
			mainGroup = DFBE941823A0F059007EB578;
			productRefGroup = DFBE942223A0F059007EB578 /* Products */;
			projectDirPath = "";
			projectRoot = "";
			targets = (
				DFBE942023A0F059007EB578 /* Algorithm */,
			);
		};
/* End PBXProject section */

/* Begin PBXSourcesBuildPhase section */
		DFBE941D23A0F059007EB578 /* Sources */ = {
			isa = PBXSourcesBuildPhase;
			buildActionMask = 2147483647;
			files = (
				DFBE943523A22B9D007EB578 /* main.cpp in Sources */,
			);
			runOnlyForDeploymentPostprocessing = 0;
		};
/* End PBXSourcesBuildPhase section */

/* Begin XCBuildConfiguration section */
		DFBE942623A0F059007EB578 /* Debug */ = {
			isa = XCBuildConfiguration;
			buildSettings = {
				ALWAYS_SEARCH_USER_PATHS = NO;
				CLANG_ANALYZER_NONNULL = YES;
				CLANG_ANALYZER_NUMBER_OBJECT_CONVERSION = YES_AGGRESSIVE;
				CLANG_CXX_LANGUAGE_STANDARD = "gnu++14";
				CLANG_CXX_LIBRARY = "libc++";
				CLANG_ENABLE_MODULES = YES;
				CLANG_ENABLE_OBJC_ARC = YES;
				CLANG_ENABLE_OBJC_WEAK = YES;
				CLANG_WARN_BLOCK_CAPTURE_AUTORELEASING = YES;
				CLANG_WARN_BOOL_CONVERSION = YES;
				CLANG_WARN_COMMA = YES;
				CLANG_WARN_CONSTANT_CONVERSION = YES;
				CLANG_WARN_DEPRECATED_OBJC_IMPLEMENTATIONS = YES;
				CLANG_WARN_DIRECT_OBJC_ISA_USAGE = YES_ERROR;
				CLANG_WARN_DOCUMENTATION_COMMENTS = YES;
				CLANG_WARN_EMPTY_BODY = YES;
				CLANG_WARN_ENUM_CONVERSION = YES;
				CLANG_WARN_INFINITE_RECURSION = YES;
				CLANG_WARN_INT_CONVERSION = YES;
				CLANG_WARN_NON_LITERAL_NULL_CONVERSION = YES;
				CLANG_WARN_OBJC_IMPLICIT_RETAIN_SELF = YES;
				CLANG_WARN_OBJC_LITERAL_CONVERSION = YES;
				CLANG_WARN_OBJC_ROOT_CLASS = YES_ERROR;
				CLANG_WARN_RANGE_LOOP_ANALYSIS = YES;
				CLANG_WARN_STRICT_PROTOTYPES = YES;
				CLANG_WARN_SUSPICIOUS_MOVE = YES;
				CLANG_WARN_UNGUARDED_AVAILABILITY = YES_AGGRESSIVE;
				CLANG_WARN_UNREACHABLE_CODE = YES;
				CLANG_WARN__DUPLICATE_METHOD_MATCH = YES;
				COPY_PHASE_STRIP = NO;
				DEBUG_INFORMATION_FORMAT = dwarf;
				ENABLE_STRICT_OBJC_MSGSEND = YES;
				ENABLE_TESTABILITY = YES;
				GCC_C_LANGUAGE_STANDARD = gnu11;
				GCC_DYNAMIC_NO_PIC = NO;
				GCC_NO_COMMON_BLOCKS = YES;
				GCC_OPTIMIZATION_LEVEL = 0;
				GCC_PREPROCESSOR_DEFINITIONS = (
					"DEBUG=1",
					"$(inherited)",
				);
				GCC_WARN_64_TO_32_BIT_CONVERSION = YES;
				GCC_WARN_ABOUT_RETURN_TYPE = YES_ERROR;
				GCC_WARN_UNDECLARED_SELECTOR = YES;
				GCC_WARN_UNINITIALIZED_AUTOS = YES_AGGRESSIVE;
				GCC_WARN_UNUSED_FUNCTION = YES;
				GCC_WARN_UNUSED_VARIABLE = YES;
				MACOSX_DEPLOYMENT_TARGET = 10.14;
				MTL_ENABLE_DEBUG_INFO = INCLUDE_SOURCE;
				MTL_FAST_MATH = YES;
				ONLY_ACTIVE_ARCH = YES;
				SDKROOT = macosx;
			};
			name = Debug;
		};
		DFBE942723A0F059007EB578 /* Release */ = {
			isa = XCBuildConfiguration;
			buildSettings = {
				ALWAYS_SEARCH_USER_PATHS = NO;
				CLANG_ANALYZER_NONNULL = YES;
				CLANG_ANALYZER_NUMBER_OBJECT_CONVERSION = YES_AGGRESSIVE;
				CLANG_CXX_LANGUAGE_STANDARD = "gnu++14";
				CLANG_CXX_LIBRARY = "libc++";
				CLANG_ENABLE_MODULES = YES;
				CLANG_ENABLE_OBJC_ARC = YES;
				CLANG_ENABLE_OBJC_WEAK = YES;
				CLANG_WARN_BLOCK_CAPTURE_AUTORELEASING = YES;
				CLANG_WARN_BOOL_CONVERSION = YES;
				CLANG_WARN_COMMA = YES;
				CLANG_WARN_CONSTANT_CONVERSION = YES;
				CLANG_WARN_DEPRECATED_OBJC_IMPLEMENTATIONS = YES;
				CLANG_WARN_DIRECT_OBJC_ISA_USAGE = YES_ERROR;
				CLANG_WARN_DOCUMENTATION_COMMENTS = YES;
				CLANG_WARN_EMPTY_BODY = YES;
				CLANG_WARN_ENUM_CONVERSION = YES;
				CLANG_WARN_INFINITE_RECURSION = YES;
				CLANG_WARN_INT_CONVERSION = YES;
				CLANG_WARN_NON_LITERAL_NULL_CONVERSION = YES;
				CLANG_WARN_OBJC_IMPLICIT_RETAIN_SELF = YES;
				CLANG_WARN_OBJC_LITERAL_CONVERSION = YES;
				CLANG_WARN_OBJC_ROOT_CLASS = YES_ERROR;
				CLANG_WARN_RANGE_LOOP_ANALYSIS = YES;
				CLANG_WARN_STRICT_PROTOTYPES = YES;
				CLANG_WARN_SUSPICIOUS_MOVE = YES;
				CLANG_WARN_UNGUARDED_AVAILABILITY = YES_AGGRESSIVE;
				CLANG_WARN_UNREACHABLE_CODE = YES;
				CLANG_WARN__DUPLICATE_METHOD_MATCH = YES;
				COPY_PHASE_STRIP = NO;
				DEBUG_INFORMATION_FORMAT = "dwarf-with-dsym";
				ENABLE_NS_ASSERTIONS = NO;
				ENABLE_STRICT_OBJC_MSGSEND = YES;
				GCC_C_LANGUAGE_STANDARD = gnu11;
				GCC_NO_COMMON_BLOCKS = YES;
				GCC_WARN_64_TO_32_BIT_CONVERSION = YES;
				GCC_WARN_ABOUT_RETURN_TYPE = YES_ERROR;
				GCC_WARN_UNDECLARED_SELECTOR = YES;
				GCC_WARN_UNINITIALIZED_AUTOS = YES_AGGRESSIVE;
				GCC_WARN_UNUSED_FUNCTION = YES;
				GCC_WARN_UNUSED_VARIABLE = YES;
				MACOSX_DEPLOYMENT_TARGET = 10.14;
				MTL_ENABLE_DEBUG_INFO = NO;
				MTL_FAST_MATH = YES;
				SDKROOT = macosx;
			};
			name = Release;
		};
		DFBE942923A0F059007EB578 /* Debug */ = {
			isa = XCBuildConfiguration;
			buildSettings = {
				CODE_SIGN_STYLE = Automatic;
				DEVELOPMENT_TEAM = 3AAZ99NT52;
				ENABLE_HARDENED_RUNTIME = YES;
				PRODUCT_NAME = "$(TARGET_NAME)";
			};
			name = Debug;
		};
		DFBE942A23A0F059007EB578 /* Release */ = {
			isa = XCBuildConfiguration;
			buildSettings = {
				CODE_SIGN_STYLE = Automatic;
				DEVELOPMENT_TEAM = 3AAZ99NT52;
				ENABLE_HARDENED_RUNTIME = YES;
				PRODUCT_NAME = "$(TARGET_NAME)";
			};
			name = Release;
		};
/* End XCBuildConfiguration section */

/* Begin XCConfigurationList section */
		DFBE941C23A0F059007EB578 /* Build configuration list for PBXProject "Algorithm" */ = {
			isa = XCConfigurationList;
			buildConfigurations = (
				DFBE942623A0F059007EB578 /* Debug */,
				DFBE942723A0F059007EB578 /* Release */,
			);
			defaultConfigurationIsVisible = 0;
			defaultConfigurationName = Release;
		};
		DFBE942823A0F059007EB578 /* Build configuration list for PBXNativeTarget "Algorithm" */ = {
			isa = XCConfigurationList;
			buildConfigurations = (
				DFBE942923A0F059007EB578 /* Debug */,
				DFBE942A23A0F059007EB578 /* Release */,
			);
			defaultConfigurationIsVisible = 0;
			defaultConfigurationName = Release;
		};
/* End XCConfigurationList section */
	};
	rootObject = DFBE941923A0F059007EB578 /* Project object */;
}
